
Microsoft Visual Studio Solution File, Format Version 12.00
# Visual Studio Version 16
VisualStudioVersion = 16.0.29123.88
MinimumVisualStudioVersion = 10.0.40219.1
Project("{FAE04EC0-301F-11D3-BF4B-00C04F79EFBC}") = "Roller", "Roller.csproj", "{8F100896-F281-4604-B954-B82A59D41231}"
EndProject
Global
	GlobalSection(SolutionConfigurationPlatforms) = preSolution
		Debug|Any CPU = Debug|Any CPU
		Release|Any CPU = Release|Any CPU
	EndGlobalSection
	GlobalSection(ProjectConfigurationPlatforms) = postSolution
		{8F100896-F281-4604-B954-B82A59D41231}.Debug|Any CPU.ActiveCfg = Debug|Any CPU
		{8F100896-F281-4604-B954-B82A59D41231}.Debug|Any CPU.Build.0 = Debug|Any CPU
		{8F100896-F281-4604-B954-B82A59D41231}.Release|Any CPU.ActiveCfg = Release|Any CPU
		{8F100896-F281-4604-B954-B82A59D41231}.Release|Any CPU.Build.0 = Release|Any CPU
	EndGlobalSection
	GlobalSection(SolutionProperties) = preSolution
		HideSolutionNode = FALSE
	EndGlobalSection
	GlobalSection(ExtensibilityGlobals) = postSolution
		SolutionGuid = {2B497FE6-4D56-4F0E-88B7-428838B85A9F}
	EndGlobalSection
EndGlobal
